
Microsoft Visual Studio Solution File, Format Version 12.00
# Visual Studio 15
VisualStudioVersion = 15.0.34930.48
MinimumVisualStudioVersion = 10.0.40219.1
Project("{FAE04EC0-301F-11D3-BF4B-00C04F79EFBC}") = "Nimpa_P", "Nimpa_P\Nimpa_P.csproj", "{A0F1E636-48CE-4243-955A-481DAA841FDF}"
EndProject
Global
	GlobalSection(SolutionConfigurationPlatforms) = preSolution
		Debug|Any CPU = Debug|Any CPU
		Release|Any CPU = Release|Any CPU
	EndGlobalSection
	GlobalSection(ProjectConfigurationPlatforms) = postSolution
		{A0F1E636-48CE-4243-955A-481DAA841FDF}.Debug|Any CPU.ActiveCfg = Debug|Any CPU
		{A0F1E636-48CE-4243-955A-481DAA841FDF}.Debug|Any CPU.Build.0 = Debug|Any CPU
		{A0F1E636-48CE-4243-955A-481DAA841FDF}.Release|Any CPU.ActiveCfg = Release|Any CPU
		{A0F1E636-48CE-4243-955A-481DAA841FDF}.Release|Any CPU.Build.0 = Release|Any CPU
	EndGlobalSection
	GlobalSection(SolutionProperties) = preSolution
		HideSolutionNode = FALSE
	EndGlobalSection
	GlobalSection(ExtensibilityGlobals) = postSolution
		SolutionGuid = {E8A2191F-6C1F-4230-8E22-1270FF48A69E}
	EndGlobalSection
EndGlobal
